
Microsoft Visual Studio Solution File, Format Version 12.00
# Visual Studio Version 17
VisualStudioVersion = 17.13.35806.99
MinimumVisualStudioVersion = 10.0.40219.1
Project("{FAE04EC0-301F-11D3-BF4B-00C04F79EFBC}") = "ProxyMapService", "ProxyMapService\ProxyMapService.csproj", "{9B32F8D5-D408-4E6A-AD22-0AAFBCAB32E2}"
EndProject
Global
	GlobalSection(SolutionConfigurationPlatforms) = preSolution
		Debug|Any CPU = Debug|Any CPU
		Release|Any CPU = Release|Any CPU
	EndGlobalSection
	GlobalSection(ProjectConfigurationPlatforms) = postSolution
		{9B32F8D5-D408-4E6A-AD22-0AAFBCAB32E2}.Debug|Any CPU.ActiveCfg = Debug|Any CPU
		{9B32F8D5-D408-4E6A-AD22-0AAFBCAB32E2}.Debug|Any CPU.Build.0 = Debug|Any CPU
		{9B32F8D5-D408-4E6A-AD22-0AAFBCAB32E2}.Release|Any CPU.ActiveCfg = Release|Any CPU
		{9B32F8D5-D408-4E6A-AD22-0AAFBCAB32E2}.Release|Any CPU.Build.0 = Release|Any CPU
	EndGlobalSection
	GlobalSection(SolutionProperties) = preSolution
		HideSolutionNode = FALSE
	EndGlobalSection
	GlobalSection(ExtensibilityGlobals) = postSolution
		SolutionGuid = {D722DC06-8715-460E-9058-99FE3691011C}
	EndGlobalSection
EndGlobal
